
Microsoft Visual Studio Solution File, Format Version 12.00
# Visual Studio Version 17
VisualStudioVersion = 17.3.32825.248
MinimumVisualStudioVersion = 10.0.40219.1
Project("{FAE04EC0-301F-11D3-BF4B-00C04F79EFBC}") = "AirTickets", "AirTickets\AirTickets.csproj", "{B3BE2DC1-1ABF-4113-AAA8-779D532EAD94}"
EndProject
Global
	GlobalSection(SolutionConfigurationPlatforms) = preSolution
		Debug|Any CPU = Debug|Any CPU
		Release|Any CPU = Release|Any CPU
	EndGlobalSection
	GlobalSection(ProjectConfigurationPlatforms) = postSolution
		{B3BE2DC1-1ABF-4113-AAA8-779D532EAD94}.Debug|Any CPU.ActiveCfg = Debug|Any CPU
		{B3BE2DC1-1ABF-4113-AAA8-779D532EAD94}.Debug|Any CPU.Build.0 = Debug|Any CPU
		{B3BE2DC1-1ABF-4113-AAA8-779D532EAD94}.Release|Any CPU.ActiveCfg = Release|Any CPU
		{B3BE2DC1-1ABF-4113-AAA8-779D532EAD94}.Release|Any CPU.Build.0 = Release|Any CPU
	EndGlobalSection
	GlobalSection(SolutionProperties) = preSolution
		HideSolutionNode = FALSE
	EndGlobalSection
	GlobalSection(ExtensibilityGlobals) = postSolution
		SolutionGuid = {1795A497-061B-4B14-8071-C3B202029809}
	EndGlobalSection
EndGlobal
